
Microsoft Visual Studio Solution File, Format Version 12.00
# Visual Studio Version 17
VisualStudioVersion = 17.5.002.0
MinimumVisualStudioVersion = 10.0.40219.1
Project("{2150E333-8FDC-42A3-9474-1A3956D46DE8}") = "playground", "playground", "{ED00C4AA-362F-4BCD-B54D-DF8B7F452449}"
EndProject
Project("{9A19103F-16F7-4668-BE54-9A1E7A4F7556}") = "Demo", "playground\example2\Demo.csproj", "{FA8ABB31-9987-4D75-98EC-71C0DEE14230}"
EndProject
Project("{9A19103F-16F7-4668-BE54-9A1E7A4F7556}") = "Demo (1)", "playground\example5\Demo.csproj", "{D1C25669-6845-4AB3-A1BD-C26237A3C08B}"
EndProject
Project("{9A19103F-16F7-4668-BE54-9A1E7A4F7556}") = "Demo (2)", "playground\example4\Demo.csproj", "{780E4428-CF55-476A-BD9E-B583F81C93A3}"
EndProject
Project("{9A19103F-16F7-4668-BE54-9A1E7A4F7556}") = "Demo (3)", "playground\example3\Demo.csproj", "{77FB044F-8ECA-4FE2-992A-8E09E58D4E9E}"
EndProject
Project("{9A19103F-16F7-4668-BE54-9A1E7A4F7556}") = "Demo (4)", "playground\example8a\Demo.csproj", "{3DCF647E-764E-42D4-8EFD-8939D3D0DC06}"
EndProject
Project("{9A19103F-16F7-4668-BE54-9A1E7A4F7556}") = "Demo (5)", "playground\example6\Demo.csproj", "{294E6EF5-0D77-4591-AD57-0C71905A0ABF}"
EndProject
Project("{9A19103F-16F7-4668-BE54-9A1E7A4F7556}") = "Demo (6)", "playground\example8b\Demo.csproj", "{5D83823D-6143-4CEF-A4DE-A8DAE709A84E}"
EndProject
Project("{9A19103F-16F7-4668-BE54-9A1E7A4F7556}") = "Demo (7)", "playground\example8c\Demo.csproj", "{A6165D39-9692-43C5-BADD-87203BABA3E6}"
EndProject
Project("{2150E333-8FDC-42A3-9474-1A3956D46DE8}") = "solutions", "solutions", "{7EA5F9D5-EDA9-42CE-A5BF-EC6CE27C49D5}"
EndProject
Project("{9A19103F-16F7-4668-BE54-9A1E7A4F7556}") = "Demo", "solutions\example2\Demo.csproj", "{F93AF0A8-60B4-4279-B07F-4D080B5DA6DC}"
EndProject
Project("{9A19103F-16F7-4668-BE54-9A1E7A4F7556}") = "Demo (1)", "solutions\example5\Demo.csproj", "{92723B99-4CC1-425F-A225-C336C11C9C73}"
EndProject
Project("{9A19103F-16F7-4668-BE54-9A1E7A4F7556}") = "Demo (2)", "solutions\example4\Demo.csproj", "{13227D57-3725-42A2-A990-98D1BD985235}"
EndProject
Project("{9A19103F-16F7-4668-BE54-9A1E7A4F7556}") = "Demo (3)", "solutions\example3\Demo.csproj", "{B6AAFC7E-E99F-4CA4-B544-8B93B1D19211}"
EndProject
Project("{9A19103F-16F7-4668-BE54-9A1E7A4F7556}") = "Demo (4)", "solutions\example8a\Demo.csproj", "{4A8113CA-EDE8-422A-8E55-2734CEF9901F}"
EndProject
Project("{9A19103F-16F7-4668-BE54-9A1E7A4F7556}") = "Demo (5)", "solutions\example6\Demo.csproj", "{BA6901C0-2805-45CA-A490-2B0D3499E704}"
EndProject
Project("{9A19103F-16F7-4668-BE54-9A1E7A4F7556}") = "example1", "solutions\example1\example1.csproj", "{6F06D587-61CB-46D3-BA5E-50FD13FBF12F}"
EndProject
Project("{9A19103F-16F7-4668-BE54-9A1E7A4F7556}") = "Demo (6)", "solutions\example8b\Demo.csproj", "{C8773E0B-D3D0-4C2D-982E-46343DBC39AA}"
EndProject
Project("{9A19103F-16F7-4668-BE54-9A1E7A4F7556}") = "Demo (7)", "solutions\example8c\Demo.csproj", "{F56E93EF-D3DC-4F0D-8FD1-029389855938}"
EndProject
Project("{2150E333-8FDC-42A3-9474-1A3956D46DE8}") = "example7", "example7", "{5672E05C-C353-4C6E-AD8C-2C8B4E426DF4}"
EndProject
Project("{9A19103F-16F7-4668-BE54-9A1E7A4F7556}") = "Demo", "playground\example7\server\Demo.csproj", "{EC9864CF-BFAD-4751-B794-35D6D23FB8A2}"
EndProject
Project("{2150E333-8FDC-42A3-9474-1A3956D46DE8}") = "example7", "example7", "{953D6868-675C-4571-B5CE-7D2E0BD51A2A}"
EndProject
Project("{9A19103F-16F7-4668-BE54-9A1E7A4F7556}") = "Demo", "solutions\example7\server\Demo.csproj", "{E3356977-C500-444D-8178-30E737B46B13}"
EndProject
Global
	GlobalSection(SolutionConfigurationPlatforms) = preSolution
		Debug|Any CPU = Debug|Any CPU
		Release|Any CPU = Release|Any CPU
	EndGlobalSection
	GlobalSection(ProjectConfigurationPlatforms) = postSolution
		{FA8ABB31-9987-4D75-98EC-71C0DEE14230}.Debug|Any CPU.ActiveCfg = Debug|Any CPU
		{FA8ABB31-9987-4D75-98EC-71C0DEE14230}.Debug|Any CPU.Build.0 = Debug|Any CPU
		{FA8ABB31-9987-4D75-98EC-71C0DEE14230}.Release|Any CPU.ActiveCfg = Release|Any CPU
		{FA8ABB31-9987-4D75-98EC-71C0DEE14230}.Release|Any CPU.Build.0 = Release|Any CPU
		{D1C25669-6845-4AB3-A1BD-C26237A3C08B}.Debug|Any CPU.ActiveCfg = Debug|Any CPU
		{D1C25669-6845-4AB3-A1BD-C26237A3C08B}.Debug|Any CPU.Build.0 = Debug|Any CPU
		{D1C25669-6845-4AB3-A1BD-C26237A3C08B}.Release|Any CPU.ActiveCfg = Release|Any CPU
		{D1C25669-6845-4AB3-A1BD-C26237A3C08B}.Release|Any CPU.Build.0 = Release|Any CPU
		{780E4428-CF55-476A-BD9E-B583F81C93A3}.Debug|Any CPU.ActiveCfg = Debug|Any CPU
		{780E4428-CF55-476A-BD9E-B583F81C93A3}.Debug|Any CPU.Build.0 = Debug|Any CPU
		{780E4428-CF55-476A-BD9E-B583F81C93A3}.Release|Any CPU.ActiveCfg = Release|Any CPU
		{780E4428-CF55-476A-BD9E-B583F81C93A3}.Release|Any CPU.Build.0 = Release|Any CPU
		{77FB044F-8ECA-4FE2-992A-8E09E58D4E9E}.Debug|Any CPU.ActiveCfg = Debug|Any CPU
		{77FB044F-8ECA-4FE2-992A-8E09E58D4E9E}.Debug|Any CPU.Build.0 = Debug|Any CPU
		{77FB044F-8ECA-4FE2-992A-8E09E58D4E9E}.Release|Any CPU.ActiveCfg = Release|Any CPU
		{77FB044F-8ECA-4FE2-992A-8E09E58D4E9E}.Release|Any CPU.Build.0 = Release|Any CPU
		{3DCF647E-764E-42D4-8EFD-8939D3D0DC06}.Debug|Any CPU.ActiveCfg = Debug|Any CPU
		{3DCF647E-764E-42D4-8EFD-8939D3D0DC06}.Debug|Any CPU.Build.0 = Debug|Any CPU
		{3DCF647E-764E-42D4-8EFD-8939D3D0DC06}.Release|Any CPU.ActiveCfg = Release|Any CPU
		{3DCF647E-764E-42D4-8EFD-8939D3D0DC06}.Release|Any CPU.Build.0 = Release|Any CPU
		{294E6EF5-0D77-4591-AD57-0C71905A0ABF}.Debug|Any CPU.ActiveCfg = Debug|Any CPU
		{294E6EF5-0D77-4591-AD57-0C71905A0ABF}.Debug|Any CPU.Build.0 = Debug|Any CPU
		{294E6EF5-0D77-4591-AD57-0C71905A0ABF}.Release|Any CPU.ActiveCfg = Release|Any CPU
		{294E6EF5-0D77-4591-AD57-0C71905A0ABF}.Release|Any CPU.Build.0 = Release|Any CPU
		{5D83823D-6143-4CEF-A4DE-A8DAE709A84E}.Debug|Any CPU.ActiveCfg = Debug|Any CPU
		{5D83823D-6143-4CEF-A4DE-A8DAE709A84E}.Debug|Any CPU.Build.0 = Debug|Any CPU
		{5D83823D-6143-4CEF-A4DE-A8DAE709A84E}.Release|Any CPU.ActiveCfg = Release|Any CPU
		{5D83823D-6143-4CEF-A4DE-A8DAE709A84E}.Release|Any CPU.Build.0 = Release|Any CPU
		{A6165D39-9692-43C5-BADD-87203BABA3E6}.Debug|Any CPU.ActiveCfg = Debug|Any CPU
		{A6165D39-9692-43C5-BADD-87203BABA3E6}.Debug|Any CPU.Build.0 = Debug|Any CPU
		{A6165D39-9692-43C5-BADD-87203BABA3E6}.Release|Any CPU.ActiveCfg = Release|Any CPU
		{A6165D39-9692-43C5-BADD-87203BABA3E6}.Release|Any CPU.Build.0 = Release|Any CPU
		{F93AF0A8-60B4-4279-B07F-4D080B5DA6DC}.Debug|Any CPU.ActiveCfg = Debug|Any CPU
		{F93AF0A8-60B4-4279-B07F-4D080B5DA6DC}.Debug|Any CPU.Build.0 = Debug|Any CPU
		{F93AF0A8-60B4-4279-B07F-4D080B5DA6DC}.Release|Any CPU.ActiveCfg = Release|Any CPU
		{F93AF0A8-60B4-4279-B07F-4D080B5DA6DC}.Release|Any CPU.Build.0 = Release|Any CPU
		{92723B99-4CC1-425F-A225-C336C11C9C73}.Debug|Any CPU.ActiveCfg = Debug|Any CPU
		{92723B99-4CC1-425F-A225-C336C11C9C73}.Debug|Any CPU.Build.0 = Debug|Any CPU
		{92723B99-4CC1-425F-A225-C336C11C9C73}.Release|Any CPU.ActiveCfg = Release|Any CPU
		{92723B99-4CC1-425F-A225-C336C11C9C73}.Release|Any CPU.Build.0 = Release|Any CPU
		{13227D57-3725-42A2-A990-98D1BD985235}.Debug|Any CPU.ActiveCfg = Debug|Any CPU
		{13227D57-3725-42A2-A990-98D1BD985235}.Debug|Any CPU.Build.0 = Debug|Any CPU
		{13227D57-3725-42A2-A990-98D1BD985235}.Release|Any CPU.ActiveCfg = Release|Any CPU
		{13227D57-3725-42A2-A990-98D1BD985235}.Release|Any CPU.Build.0 = Release|Any CPU
		{B6AAFC7E-E99F-4CA4-B544-8B93B1D19211}.Debug|Any CPU.ActiveCfg = Debug|Any CPU
		{B6AAFC7E-E99F-4CA4-B544-8B93B1D19211}.Debug|Any CPU.Build.0 = Debug|Any CPU
		{B6AAFC7E-E99F-4CA4-B544-8B93B1D19211}.Release|Any CPU.ActiveCfg = Release|Any CPU
		{B6AAFC7E-E99F-4CA4-B544-8B93B1D19211}.Release|Any CPU.Build.0 = Release|Any CPU
		{4A8113CA-EDE8-422A-8E55-2734CEF9901F}.Debug|Any CPU.ActiveCfg = Debug|Any CPU
		{4A8113CA-EDE8-422A-8E55-2734CEF9901F}.Debug|Any CPU.Build.0 = Debug|Any CPU
		{4A8113CA-EDE8-422A-8E55-2734CEF9901F}.Release|Any CPU.ActiveCfg = Release|Any CPU
		{4A8113CA-EDE8-422A-8E55-2734CEF9901F}.Release|Any CPU.Build.0 = Release|Any CPU
		{BA6901C0-2805-45CA-A490-2B0D3499E704}.Debug|Any CPU.ActiveCfg = Debug|Any CPU
		{BA6901C0-2805-45CA-A490-2B0D3499E704}.Debug|Any CPU.Build.0 = Debug|Any CPU
		{BA6901C0-2805-45CA-A490-2B0D3499E704}.Release|Any CPU.ActiveCfg = Release|Any CPU
		{BA6901C0-2805-45CA-A490-2B0D3499E704}.Release|Any CPU.Build.0 = Release|Any CPU
		{6F06D587-61CB-46D3-BA5E-50FD13FBF12F}.Debug|Any CPU.ActiveCfg = Debug|Any CPU
		{6F06D587-61CB-46D3-BA5E-50FD13FBF12F}.Debug|Any CPU.Build.0 = Debug|Any CPU
		{6F06D587-61CB-46D3-BA5E-50FD13FBF12F}.Release|Any CPU.ActiveCfg = Release|Any CPU
		{6F06D587-61CB-46D3-BA5E-50FD13FBF12F}.Release|Any CPU.Build.0 = Release|Any CPU
		{C8773E0B-D3D0-4C2D-982E-46343DBC39AA}.Debug|Any CPU.ActiveCfg = Debug|Any CPU
		{C8773E0B-D3D0-4C2D-982E-46343DBC39AA}.Debug|Any CPU.Build.0 = Debug|Any CPU
		{C8773E0B-D3D0-4C2D-982E-46343DBC39AA}.Release|Any CPU.ActiveCfg = Release|Any CPU
		{C8773E0B-D3D0-4C2D-982E-46343DBC39AA}.Release|Any CPU.Build.0 = Release|Any CPU
		{F56E93EF-D3DC-4F0D-8FD1-029389855938}.Debug|Any CPU.ActiveCfg = Debug|Any CPU
		{F56E93EF-D3DC-4F0D-8FD1-029389855938}.Debug|Any CPU.Build.0 = Debug|Any CPU
		{F56E93EF-D3DC-4F0D-8FD1-029389855938}.Release|Any CPU.ActiveCfg = Release|Any CPU
		{F56E93EF-D3DC-4F0D-8FD1-029389855938}.Release|Any CPU.Build.0 = Release|Any CPU
		{EC9864CF-BFAD-4751-B794-35D6D23FB8A2}.Debug|Any CPU.ActiveCfg = Debug|Any CPU
		{EC9864CF-BFAD-4751-B794-35D6D23FB8A2}.Debug|Any CPU.Build.0 = Debug|Any CPU
		{EC9864CF-BFAD-4751-B794-35D6D23FB8A2}.Release|Any CPU.ActiveCfg = Release|Any CPU
		{EC9864CF-BFAD-4751-B794-35D6D23FB8A2}.Release|Any CPU.Build.0 = Release|Any CPU
		{E3356977-C500-444D-8178-30E737B46B13}.Debug|Any CPU.ActiveCfg = Debug|Any CPU
		{E3356977-C500-444D-8178-30E737B46B13}.Debug|Any CPU.Build.0 = Debug|Any CPU
		{E3356977-C500-444D-8178-30E737B46B13}.Release|Any CPU.ActiveCfg = Release|Any CPU
		{E3356977-C500-444D-8178-30E737B46B13}.Release|Any CPU.Build.0 = Release|Any CPU
	EndGlobalSection
	GlobalSection(SolutionProperties) = preSolution
		HideSolutionNode = FALSE
	EndGlobalSection
	GlobalSection(NestedProjects) = preSolution
		{FA8ABB31-9987-4D75-98EC-71C0DEE14230} = {ED00C4AA-362F-4BCD-B54D-DF8B7F452449}
		{D1C25669-6845-4AB3-A1BD-C26237A3C08B} = {ED00C4AA-362F-4BCD-B54D-DF8B7F452449}
		{780E4428-CF55-476A-BD9E-B583F81C93A3} = {ED00C4AA-362F-4BCD-B54D-DF8B7F452449}
		{77FB044F-8ECA-4FE2-992A-8E09E58D4E9E} = {ED00C4AA-362F-4BCD-B54D-DF8B7F452449}
		{3DCF647E-764E-42D4-8EFD-8939D3D0DC06} = {ED00C4AA-362F-4BCD-B54D-DF8B7F452449}
		{294E6EF5-0D77-4591-AD57-0C71905A0ABF} = {ED00C4AA-362F-4BCD-B54D-DF8B7F452449}
		{5D83823D-6143-4CEF-A4DE-A8DAE709A84E} = {ED00C4AA-362F-4BCD-B54D-DF8B7F452449}
		{A6165D39-9692-43C5-BADD-87203BABA3E6} = {ED00C4AA-362F-4BCD-B54D-DF8B7F452449}
		{F93AF0A8-60B4-4279-B07F-4D080B5DA6DC} = {7EA5F9D5-EDA9-42CE-A5BF-EC6CE27C49D5}
		{92723B99-4CC1-425F-A225-C336C11C9C73} = {7EA5F9D5-EDA9-42CE-A5BF-EC6CE27C49D5}
		{13227D57-3725-42A2-A990-98D1BD985235} = {7EA5F9D5-EDA9-42CE-A5BF-EC6CE27C49D5}
		{B6AAFC7E-E99F-4CA4-B544-8B93B1D19211} = {7EA5F9D5-EDA9-42CE-A5BF-EC6CE27C49D5}
		{4A8113CA-EDE8-422A-8E55-2734CEF9901F} = {7EA5F9D5-EDA9-42CE-A5BF-EC6CE27C49D5}
		{BA6901C0-2805-45CA-A490-2B0D3499E704} = {7EA5F9D5-EDA9-42CE-A5BF-EC6CE27C49D5}
		{6F06D587-61CB-46D3-BA5E-50FD13FBF12F} = {7EA5F9D5-EDA9-42CE-A5BF-EC6CE27C49D5}
		{C8773E0B-D3D0-4C2D-982E-46343DBC39AA} = {7EA5F9D5-EDA9-42CE-A5BF-EC6CE27C49D5}
		{F56E93EF-D3DC-4F0D-8FD1-029389855938} = {7EA5F9D5-EDA9-42CE-A5BF-EC6CE27C49D5}
		{5672E05C-C353-4C6E-AD8C-2C8B4E426DF4} = {ED00C4AA-362F-4BCD-B54D-DF8B7F452449}
		{EC9864CF-BFAD-4751-B794-35D6D23FB8A2} = {5672E05C-C353-4C6E-AD8C-2C8B4E426DF4}
		{953D6868-675C-4571-B5CE-7D2E0BD51A2A} = {7EA5F9D5-EDA9-42CE-A5BF-EC6CE27C49D5}
		{E3356977-C500-444D-8178-30E737B46B13} = {953D6868-675C-4571-B5CE-7D2E0BD51A2A}
	EndGlobalSection
	GlobalSection(ExtensibilityGlobals) = postSolution
		SolutionGuid = {0E35D5B5-7356-45E9-BF69-CAD778FEE641}
	EndGlobalSection
EndGlobal
